{
  "version": 4,
  "terraform_version": "1.9.2",
  "serial": 53,
  "lineage": "b6b404b4-d37c-1859-da52-790b16b0c0ef",
  "outputs": {
    "vm_ip": {
      "value": {
        "vm-1": "192.168.10.5",
        "vm-2": "192.168.10.3",
        "vm-3": "192.168.10.8"
      },
      "type": [
        "object",
        {
          "vm-1": "string",
          "vm-2": "string",
          "vm-3": "string"
        }
      ]
    },
    "vm_nat_ip": {
      "value": {
        "vm-1": "89.169.146.147",
        "vm-2": "89.169.130.54",
        "vm-3": "89.169.133.81"
      },
      "type": [
        "object",
        {
          "vm-1": "string",
          "vm-2": "string",
          "vm-3": "string"
        }
      ]
    }
  },
  "resources": [
    {
      "mode": "managed",
      "type": "yandex_compute_disk",
      "name": "boot-disk",
      "provider": "provider[\"registry.terraform.io/yandex-cloud/yandex\"]",
      "instances": [
        {
          "index_key": "vm-1",
          "schema_version": 0,
          "attributes": {
            "allow_recreate": null,
            "block_size": 4096,
            "created_at": "2024-10-05T06:08:44Z",
            "description": "",
            "disk_placement_policy": [
              {
                "disk_placement_group_id": ""
              }
            ],
            "folder_id": "b1g9t05l8rlff7hoiqss",
            "id": "fhmja98v6aanj6hon72m",
            "image_id": "fd85bll745cg76f707mq",
            "labels": null,
            "name": "ubuntu-24-disk1",
            "product_ids": [
              "f2esr6luh3h25kfc354h"
            ],
            "size": 20,
            "snapshot_id": "",
            "status": "ready",
            "timeouts": null,
            "type": "network-hdd",
            "zone": "ru-central1-a"
          },
          "sensitive_attributes": [],
          "private": "eyJlMmJmYjczMC1lY2FhLTExZTYtOGY4OC0zNDM2M2JjN2M0YzAiOnsiY3JlYXRlIjozMDAwMDAwMDAwMDAsImRlbGV0ZSI6MzAwMDAwMDAwMDAwLCJ1cGRhdGUiOjMwMDAwMDAwMDAwMH19"
        },
        {
          "index_key": "vm-2",
          "schema_version": 0,
          "attributes": {
            "allow_recreate": null,
            "block_size": 4096,
            "created_at": "2024-10-05T06:08:44Z",
            "description": "",
            "disk_placement_policy": [
              {
                "disk_placement_group_id": ""
              }
            ],
            "folder_id": "b1g9t05l8rlff7hoiqss",
            "id": "fhmncablq4ove4hbdlk6",
            "image_id": "fd85bll745cg76f707mq",
            "labels": null,
            "name": "ubuntu-24-disk2",
            "product_ids": [
              "f2esr6luh3h25kfc354h"
            ],
            "size": 20,
            "snapshot_id": "",
            "status": "ready",
            "timeouts": null,
            "type": "network-hdd",
            "zone": "ru-central1-a"
          },
          "sensitive_attributes": [],
          "private": "eyJlMmJmYjczMC1lY2FhLTExZTYtOGY4OC0zNDM2M2JjN2M0YzAiOnsiY3JlYXRlIjozMDAwMDAwMDAwMDAsImRlbGV0ZSI6MzAwMDAwMDAwMDAwLCJ1cGRhdGUiOjMwMDAwMDAwMDAwMH19"
        },
        {
          "index_key": "vm-3",
          "schema_version": 0,
          "attributes": {
            "allow_recreate": null,
            "block_size": 4096,
            "created_at": "2024-10-05T06:08:44Z",
            "description": "",
            "disk_placement_policy": [
              {
                "disk_placement_group_id": ""
              }
            ],
            "folder_id": "b1g9t05l8rlff7hoiqss",
            "id": "fhm9vcomqe24ao06kj9u",
            "image_id": "fd85bll745cg76f707mq",
            "labels": null,
            "name": "ubuntu-24-disk3",
            "product_ids": [
              "f2esr6luh3h25kfc354h"
            ],
            "size": 20,
            "snapshot_id": "",
            "status": "ready",
            "timeouts": null,
            "type": "network-hdd",
            "zone": "ru-central1-a"
          },
          "sensitive_attributes": [],
          "private": "eyJlMmJmYjczMC1lY2FhLTExZTYtOGY4OC0zNDM2M2JjN2M0YzAiOnsiY3JlYXRlIjozMDAwMDAwMDAwMDAsImRlbGV0ZSI6MzAwMDAwMDAwMDAwLCJ1cGRhdGUiOjMwMDAwMDAwMDAwMH19"
        }
      ]
    },
    {
      "mode": "managed",
      "type": "yandex_compute_instance",
      "name": "virtual_machine",
      "provider": "provider[\"registry.terraform.io/yandex-cloud/yandex\"]",
      "instances": [
        {
          "index_key": "vm-1",
          "schema_version": 1,
          "attributes": {
            "allow_recreate": null,
            "allow_stopping_for_update": null,
            "boot_disk": [
              {
                "auto_delete": true,
                "device_name": "fhmja98v6aanj6hon72m",
                "disk_id": "fhmja98v6aanj6hon72m",
                "initialize_params": [
                  {
                    "block_size": 4096,
                    "description": "",
                    "image_id": "fd85bll745cg76f707mq",
                    "name": "ubuntu-24-disk1",
                    "size": 20,
                    "snapshot_id": "",
                    "type": "network-hdd"
                  }
                ],
                "mode": "READ_WRITE"
              }
            ],
            "created_at": "2024-10-05T06:08:56Z",
            "description": "",
            "filesystem": [],
            "folder_id": "b1g9t05l8rlff7hoiqss",
            "fqdn": "fhmr9l53lknrt93sqrn5.auto.internal",
            "gpu_cluster_id": "",
            "hostname": "",
            "id": "fhmr9l53lknrt93sqrn5",
            "labels": null,
            "local_disk": [],
            "maintenance_grace_period": "",
            "maintenance_policy": null,
            "metadata": {
              "ssh-keys": "yap:ssh-ed25519 AAAAC3NzaC1lZDI1NTE5AAAAID//iLtHlCuz8wWg5RwLAJ/5Xg2ShyWVlWHDGWmMs6GN s9034836@s9034836-01\n"
            },
            "metadata_options": [
              {
                "aws_v1_http_endpoint": 1,
                "aws_v1_http_token": 2,
                "gce_http_endpoint": 1,
                "gce_http_token": 1
              }
            ],
            "name": "example-ubuntu-1",
            "network_acceleration_type": "standard",
            "network_interface": [
              {
                "dns_record": [],
                "index": 0,
                "ip_address": "192.168.10.5",
                "ipv4": true,
                "ipv6": false,
                "ipv6_address": "",
                "ipv6_dns_record": [],
                "mac_address": "d0:0d:1b:4d:4a:3a",
                "nat": true,
                "nat_dns_record": [],
                "nat_ip_address": "89.169.146.147",
                "nat_ip_version": "IPV4",
                "security_group_ids": [],
                "subnet_id": "e9b24db30cq31lhgd4g2"
              }
            ],
            "placement_policy": [
              {
                "host_affinity_rules": [],
                "placement_group_id": "",
                "placement_group_partition": 0
              }
            ],
            "platform_id": "standard-v1",
            "resources": [
              {
                "core_fraction": 100,
                "cores": 2,
                "gpus": 0,
                "memory": 2
              }
            ],
            "scheduling_policy": [
              {
                "preemptible": false
              }
            ],
            "secondary_disk": [],
            "service_account_id": "",
            "status": "running",
            "timeouts": null,
            "zone": "ru-central1-a"
          },
          "sensitive_attributes": [],
          "private": "eyJlMmJmYjczMC1lY2FhLTExZTYtOGY4OC0zNDM2M2JjN2M0YzAiOnsiY3JlYXRlIjozMDAwMDAwMDAwMDAsImRlbGV0ZSI6MzAwMDAwMDAwMDAwLCJ1cGRhdGUiOjMwMDAwMDAwMDAwMH0sInNjaGVtYV92ZXJzaW9uIjoiMSJ9",
          "dependencies": [
            "yandex_compute_disk.boot-disk",
            "yandex_vpc_network.network-1",
            "yandex_vpc_subnet.subnet-1"
          ]
        },
        {
          "index_key": "vm-2",
          "schema_version": 1,
          "attributes": {
            "allow_recreate": null,
            "allow_stopping_for_update": null,
            "boot_disk": [
              {
                "auto_delete": true,
                "device_name": "fhmncablq4ove4hbdlk6",
                "disk_id": "fhmncablq4ove4hbdlk6",
                "initialize_params": [
                  {
                    "block_size": 4096,
                    "description": "",
                    "image_id": "fd85bll745cg76f707mq",
                    "name": "ubuntu-24-disk2",
                    "size": 20,
                    "snapshot_id": "",
                    "type": "network-hdd"
                  }
                ],
                "mode": "READ_WRITE"
              }
            ],
            "created_at": "2024-10-05T06:08:56Z",
            "description": "",
            "filesystem": [],
            "folder_id": "b1g9t05l8rlff7hoiqss",
            "fqdn": "fhm5v7lptj1v4f294kgu.auto.internal",
            "gpu_cluster_id": "",
            "hostname": "",
            "id": "fhm5v7lptj1v4f294kgu",
            "labels": null,
            "local_disk": [],
            "maintenance_grace_period": "",
            "maintenance_policy": null,
            "metadata": {
              "ssh-keys": "yap:ssh-ed25519 AAAAC3NzaC1lZDI1NTE5AAAAID//iLtHlCuz8wWg5RwLAJ/5Xg2ShyWVlWHDGWmMs6GN s9034836@s9034836-01\n"
            },
            "metadata_options": [
              {
                "aws_v1_http_endpoint": 1,
                "aws_v1_http_token": 2,
                "gce_http_endpoint": 1,
                "gce_http_token": 1
              }
            ],
            "name": "example-ubuntu-2",
            "network_acceleration_type": "standard",
            "network_interface": [
              {
                "dns_record": [],
                "index": 0,
                "ip_address": "192.168.10.3",
                "ipv4": true,
                "ipv6": false,
                "ipv6_address": "",
                "ipv6_dns_record": [],
                "mac_address": "d0:0d:5f:9e:b9:ec",
                "nat": true,
                "nat_dns_record": [],
                "nat_ip_address": "89.169.130.54",
                "nat_ip_version": "IPV4",
                "security_group_ids": [],
                "subnet_id": "e9b24db30cq31lhgd4g2"
              }
            ],
            "placement_policy": [
              {
                "host_affinity_rules": [],
                "placement_group_id": "",
                "placement_group_partition": 0
              }
            ],
            "platform_id": "standard-v1",
            "resources": [
              {
                "core_fraction": 100,
                "cores": 2,
                "gpus": 0,
                "memory": 2
              }
            ],
            "scheduling_policy": [
              {
                "preemptible": false
              }
            ],
            "secondary_disk": [],
            "service_account_id": "",
            "status": "running",
            "timeouts": null,
            "zone": "ru-central1-a"
          },
          "sensitive_attributes": [],
          "private": "eyJlMmJmYjczMC1lY2FhLTExZTYtOGY4OC0zNDM2M2JjN2M0YzAiOnsiY3JlYXRlIjozMDAwMDAwMDAwMDAsImRlbGV0ZSI6MzAwMDAwMDAwMDAwLCJ1cGRhdGUiOjMwMDAwMDAwMDAwMH0sInNjaGVtYV92ZXJzaW9uIjoiMSJ9",
          "dependencies": [
            "yandex_compute_disk.boot-disk",
            "yandex_vpc_network.network-1",
            "yandex_vpc_subnet.subnet-1"
          ]
        },
        {
          "index_key": "vm-3",
          "schema_version": 1,
          "attributes": {
            "allow_recreate": null,
            "allow_stopping_for_update": null,
            "boot_disk": [
              {
                "auto_delete": true,
                "device_name": "fhm9vcomqe24ao06kj9u",
                "disk_id": "fhm9vcomqe24ao06kj9u",
                "initialize_params": [
                  {
                    "block_size": 4096,
                    "description": "",
                    "image_id": "fd85bll745cg76f707mq",
                    "name": "ubuntu-24-disk3",
                    "size": 20,
                    "snapshot_id": "",
                    "type": "network-hdd"
                  }
                ],
                "mode": "READ_WRITE"
              }
            ],
            "created_at": "2024-10-05T06:08:56Z",
            "description": "",
            "filesystem": [],
            "folder_id": "b1g9t05l8rlff7hoiqss",
            "fqdn": "fhm29usqh322rejv26qk.auto.internal",
            "gpu_cluster_id": "",
            "hostname": "",
            "id": "fhm29usqh322rejv26qk",
            "labels": null,
            "local_disk": [],
            "maintenance_grace_period": "",
            "maintenance_policy": null,
            "metadata": {
              "ssh-keys": "yap:ssh-ed25519 AAAAC3NzaC1lZDI1NTE5AAAAID//iLtHlCuz8wWg5RwLAJ/5Xg2ShyWVlWHDGWmMs6GN s9034836@s9034836-01\n"
            },
            "metadata_options": [
              {
                "aws_v1_http_endpoint": 1,
                "aws_v1_http_token": 2,
                "gce_http_endpoint": 1,
                "gce_http_token": 1
              }
            ],
            "name": "example-ubuntu-3",
            "network_acceleration_type": "standard",
            "network_interface": [
              {
                "dns_record": [],
                "index": 0,
                "ip_address": "192.168.10.8",
                "ipv4": true,
                "ipv6": false,
                "ipv6_address": "",
                "ipv6_dns_record": [],
                "mac_address": "d0:0d:24:fb:9a:88",
                "nat": true,
                "nat_dns_record": [],
                "nat_ip_address": "89.169.133.81",
                "nat_ip_version": "IPV4",
                "security_group_ids": [],
                "subnet_id": "e9b24db30cq31lhgd4g2"
              }
            ],
            "placement_policy": [
              {
                "host_affinity_rules": [],
                "placement_group_id": "",
                "placement_group_partition": 0
              }
            ],
            "platform_id": "standard-v1",
            "resources": [
              {
                "core_fraction": 100,
                "cores": 2,
                "gpus": 0,
                "memory": 2
              }
            ],
            "scheduling_policy": [
              {
                "preemptible": false
              }
            ],
            "secondary_disk": [],
            "service_account_id": "",
            "status": "running",
            "timeouts": null,
            "zone": "ru-central1-a"
          },
          "sensitive_attributes": [],
          "private": "eyJlMmJmYjczMC1lY2FhLTExZTYtOGY4OC0zNDM2M2JjN2M0YzAiOnsiY3JlYXRlIjozMDAwMDAwMDAwMDAsImRlbGV0ZSI6MzAwMDAwMDAwMDAwLCJ1cGRhdGUiOjMwMDAwMDAwMDAwMH0sInNjaGVtYV92ZXJzaW9uIjoiMSJ9",
          "dependencies": [
            "yandex_compute_disk.boot-disk",
            "yandex_vpc_network.network-1",
            "yandex_vpc_subnet.subnet-1"
          ]
        }
      ]
    },
    {
      "mode": "managed",
      "type": "yandex_vpc_network",
      "name": "network-1",
      "provider": "provider[\"registry.terraform.io/yandex-cloud/yandex\"]",
      "instances": [
        {
          "schema_version": 0,
          "attributes": {
            "created_at": "2024-10-05T06:08:44Z",
            "default_security_group_id": "enp7hp3pr31vo013l4ih",
            "description": "",
            "folder_id": "b1g9t05l8rlff7hoiqss",
            "id": "enpp4dlopahq5ltdhvad",
            "labels": {},
            "name": "network1",
            "subnet_ids": [],
            "timeouts": null
          },
          "sensitive_attributes": [],
          "private": "eyJlMmJmYjczMC1lY2FhLTExZTYtOGY4OC0zNDM2M2JjN2M0YzAiOnsiY3JlYXRlIjo2MDAwMDAwMDAwMCwiZGVsZXRlIjo2MDAwMDAwMDAwMCwidXBkYXRlIjo2MDAwMDAwMDAwMH19"
        }
      ]
    },
    {
      "mode": "managed",
      "type": "yandex_vpc_subnet",
      "name": "subnet-1",
      "provider": "provider[\"registry.terraform.io/yandex-cloud/yandex\"]",
      "instances": [
        {
          "schema_version": 0,
          "attributes": {
            "created_at": "2024-10-05T06:08:47Z",
            "description": "",
            "dhcp_options": [],
            "folder_id": "b1g9t05l8rlff7hoiqss",
            "id": "e9b24db30cq31lhgd4g2",
            "labels": {},
            "name": "subnet1",
            "network_id": "enpp4dlopahq5ltdhvad",
            "route_table_id": "",
            "timeouts": null,
            "v4_cidr_blocks": [
              "192.168.10.0/24"
            ],
            "v6_cidr_blocks": [],
            "zone": "ru-central1-a"
          },
          "sensitive_attributes": [],
          "private": "eyJlMmJmYjczMC1lY2FhLTExZTYtOGY4OC0zNDM2M2JjN2M0YzAiOnsiY3JlYXRlIjoxODAwMDAwMDAwMDAsImRlbGV0ZSI6MTgwMDAwMDAwMDAwLCJ1cGRhdGUiOjE4MDAwMDAwMDAwMH19",
          "dependencies": [
            "yandex_vpc_network.network-1"
          ]
        }
      ]
    }
  ],
  "check_results": null
}
